
Microsoft Visual Studio Solution File, Format Version 12.00
# Visual Studio Version 17
VisualStudioVersion = 17.4.33205.214
MinimumVisualStudioVersion = 10.0.40219.1
Project("{888888A0-9F3D-457C-B088-3A5042F75D52}") = "homework_while_if", "homework_while_if.pyproj", "{FD84F9C4-A60D-406A-A54A-AD129F2A8341}"
EndProject
Global
	GlobalSection(SolutionConfigurationPlatforms) = preSolution
		Debug|Any CPU = Debug|Any CPU
		Release|Any CPU = Release|Any CPU
	EndGlobalSection
	GlobalSection(ProjectConfigurationPlatforms) = postSolution
		{FD84F9C4-A60D-406A-A54A-AD129F2A8341}.Debug|Any CPU.ActiveCfg = Debug|Any CPU
		{FD84F9C4-A60D-406A-A54A-AD129F2A8341}.Release|Any CPU.ActiveCfg = Release|Any CPU
	EndGlobalSection
	GlobalSection(SolutionProperties) = preSolution
		HideSolutionNode = FALSE
	EndGlobalSection
	GlobalSection(ExtensibilityGlobals) = postSolution
		SolutionGuid = {C760BDDE-C9CC-49FF-9E34-0F734D95A9CA}
	EndGlobalSection
EndGlobal
